// !$*UTF8*$!
{
	archiveVersion = 1;
	classes = {
	};
	objectVersion = 50;
	objects = {

/* Begin PBXBuildFile section */
		D28C690425E0237B00836DB3 /* AppDelegate.swift in Sources */ = {isa = PBXBuildFile; fileRef = D28C690325E0237B00836DB3 /* AppDelegate.swift */; };
		D28C690625E0237B00836DB3 /* SceneDelegate.swift in Sources */ = {isa = PBXBuildFile; fileRef = D28C690525E0237B00836DB3 /* SceneDelegate.swift */; };
		D28C690D25E0237C00836DB3 /* Assets.xcassets in Resources */ = {isa = PBXBuildFile; fileRef = D28C690C25E0237C00836DB3 /* Assets.xcassets */; };
		D28C691025E0237C00836DB3 /* LaunchScreen.storyboard in Resources */ = {isa = PBXBuildFile; fileRef = D28C690E25E0237C00836DB3 /* LaunchScreen.storyboard */; };
		D28C691E25E024DA00836DB3 /* ImagesListView.swift in Sources */ = {isa = PBXBuildFile; fileRef = D28C691C25E024DA00836DB3 /* ImagesListView.swift */; };
		D28C691F25E024DA00836DB3 /* ImagesListView.xib in Resources */ = {isa = PBXBuildFile; fileRef = D28C691D25E024DA00836DB3 /* ImagesListView.xib */; };
		D28C692325E0257200836DB3 /* ImagesListPresenter.swift in Sources */ = {isa = PBXBuildFile; fileRef = D28C692225E0257200836DB3 /* ImagesListPresenter.swift */; };
		D28C692825E0260700836DB3 /* ImageCell.swift in Sources */ = {isa = PBXBuildFile; fileRef = D28C692625E0260700836DB3 /* ImageCell.swift */; };
		D28C692925E0260700836DB3 /* ImageCell.xib in Resources */ = {isa = PBXBuildFile; fileRef = D28C692725E0260700836DB3 /* ImageCell.xib */; };
		D28C692D25E02C4B00836DB3 /* RequestManager.swift in Sources */ = {isa = PBXBuildFile; fileRef = D28C692C25E02C4B00836DB3 /* RequestManager.swift */; };
		D28C693225E0399700836DB3 /* UIViewController.swift in Sources */ = {isa = PBXBuildFile; fileRef = D28C693125E0399700836DB3 /* UIViewController.swift */; };
/* End PBXBuildFile section */

/* Begin PBXFileReference section */
		D28C690025E0237B00836DB3 /* ImagesApp.app */ = {isa = PBXFileReference; explicitFileType = wrapper.application; includeInIndex = 0; path = ImagesApp.app; sourceTree = BUILT_PRODUCTS_DIR; };
		D28C690325E0237B00836DB3 /* AppDelegate.swift */ = {isa = PBXFileReference; lastKnownFileType = sourcecode.swift; path = AppDelegate.swift; sourceTree = "<group>"; };
		D28C690525E0237B00836DB3 /* SceneDelegate.swift */ = {isa = PBXFileReference; lastKnownFileType = sourcecode.swift; path = SceneDelegate.swift; sourceTree = "<group>"; };
		D28C690C25E0237C00836DB3 /* Assets.xcassets */ = {isa = PBXFileReference; lastKnownFileType = folder.assetcatalog; path = Assets.xcassets; sourceTree = "<group>"; };
		D28C690F25E0237C00836DB3 /* Base */ = {isa = PBXFileReference; lastKnownFileType = file.storyboard; name = Base; path = Base.lproj/LaunchScreen.storyboard; sourceTree = "<group>"; };
		D28C691125E0237C00836DB3 /* Info.plist */ = {isa = PBXFileReference; lastKnownFileType = text.plist.xml; path = Info.plist; sourceTree = "<group>"; };
		D28C691C25E024DA00836DB3 /* ImagesListView.swift */ = {isa = PBXFileReference; lastKnownFileType = sourcecode.swift; path = ImagesListView.swift; sourceTree = "<group>"; };
		D28C691D25E024DA00836DB3 /* ImagesListView.xib */ = {isa = PBXFileReference; lastKnownFileType = file.xib; path = ImagesListView.xib; sourceTree = "<group>"; };
		D28C692225E0257200836DB3 /* ImagesListPresenter.swift */ = {isa = PBXFileReference; lastKnownFileType = sourcecode.swift; path = ImagesListPresenter.swift; sourceTree = "<group>"; };
		D28C692625E0260700836DB3 /* ImageCell.swift */ = {isa = PBXFileReference; lastKnownFileType = sourcecode.swift; path = ImageCell.swift; sourceTree = "<group>"; };
		D28C692725E0260700836DB3 /* ImageCell.xib */ = {isa = PBXFileReference; lastKnownFileType = file.xib; path = ImageCell.xib; sourceTree = "<group>"; };
		D28C692C25E02C4B00836DB3 /* RequestManager.swift */ = {isa = PBXFileReference; lastKnownFileType = sourcecode.swift; path = RequestManager.swift; sourceTree = "<group>"; };
		D28C693125E0399700836DB3 /* UIViewController.swift */ = {isa = PBXFileReference; lastKnownFileType = sourcecode.swift; path = UIViewController.swift; sourceTree = "<group>"; };
/* End PBXFileReference section */

/* Begin PBXFrameworksBuildPhase section */
		D28C68FD25E0237B00836DB3 /* Frameworks */ = {
			isa = PBXFrameworksBuildPhase;
			buildActionMask = 2147483647;
			files = (
			);
			runOnlyForDeploymentPostprocessing = 0;
		};
/* End PBXFrameworksBuildPhase section */

/* Begin PBXGroup section */
		D28C68F725E0237B00836DB3 = {
			isa = PBXGroup;
			children = (
				D28C690225E0237B00836DB3 /* ImagesApp */,
				D28C690125E0237B00836DB3 /* Products */,
			);
			sourceTree = "<group>";
		};
		D28C690125E0237B00836DB3 /* Products */ = {
			isa = PBXGroup;
			children = (
				D28C690025E0237B00836DB3 /* ImagesApp.app */,
			);
			name = Products;
			sourceTree = "<group>";
		};
		D28C690225E0237B00836DB3 /* ImagesApp */ = {
			isa = PBXGroup;
			children = (
				D28C690325E0237B00836DB3 /* AppDelegate.swift */,
				D28C690525E0237B00836DB3 /* SceneDelegate.swift */,
				D28C693625E03C1400836DB3 /* LaunchScreen */,
				D28C693525E03C0400836DB3 /* Supports */,
				D28C693025E0398200836DB3 /* Extensions */,
				D28C692B25E02C3600836DB3 /* Managers */,
				D28C691B25E0248200836DB3 /* ImagesList */,
				D28C691125E0237C00836DB3 /* Info.plist */,
			);
			path = ImagesApp;
			sourceTree = "<group>";
		};
		D28C691B25E0248200836DB3 /* ImagesList */ = {
			isa = PBXGroup;
			children = (
				D28C692525E025EE00836DB3 /* Components */,
				D28C692225E0257200836DB3 /* ImagesListPresenter.swift */,
				D28C691C25E024DA00836DB3 /* ImagesListView.swift */,
				D28C691D25E024DA00836DB3 /* ImagesListView.xib */,
			);
			path = ImagesList;
			sourceTree = "<group>";
		};
		D28C692525E025EE00836DB3 /* Components */ = {
			isa = PBXGroup;
			children = (
				D28C692625E0260700836DB3 /* ImageCell.swift */,
				D28C692725E0260700836DB3 /* ImageCell.xib */,
			);
			path = Components;
			sourceTree = "<group>";
		};
		D28C692B25E02C3600836DB3 /* Managers */ = {
			isa = PBXGroup;
			children = (
				D28C692C25E02C4B00836DB3 /* RequestManager.swift */,
			);
			path = Managers;
			sourceTree = "<group>";
		};
		D28C693025E0398200836DB3 /* Extensions */ = {
			isa = PBXGroup;
			children = (
				D28C693125E0399700836DB3 /* UIViewController.swift */,
			);
			path = Extensions;
			sourceTree = "<group>";
		};
		D28C693525E03C0400836DB3 /* Supports */ = {
			isa = PBXGroup;
			children = (
				D28C690C25E0237C00836DB3 /* Assets.xcassets */,
			);
			path = Supports;
			sourceTree = "<group>";
		};
		D28C693625E03C1400836DB3 /* LaunchScreen */ = {
			isa = PBXGroup;
			children = (
				D28C690E25E0237C00836DB3 /* LaunchScreen.storyboard */,
			);
			path = LaunchScreen;
			sourceTree = "<group>";
		};
/* End PBXGroup section */

/* Begin PBXNativeTarget section */
		D28C68FF25E0237B00836DB3 /* ImagesApp */ = {
			isa = PBXNativeTarget;
			buildConfigurationList = D28C691425E0237C00836DB3 /* Build configuration list for PBXNativeTarget "ImagesApp" */;
			buildPhases = (
				D28C68FC25E0237B00836DB3 /* Sources */,
				D28C68FD25E0237B00836DB3 /* Frameworks */,
				D28C68FE25E0237B00836DB3 /* Resources */,
			);
			buildRules = (
			);
			dependencies = (
			);
			name = ImagesApp;
			productName = ImagesApp;
			productReference = D28C690025E0237B00836DB3 /* ImagesApp.app */;
			productType = "com.apple.product-type.application";
		};
/* End PBXNativeTarget section */

/* Begin PBXProject section */
		D28C68F825E0237B00836DB3 /* Project object */ = {
			isa = PBXProject;
			attributes = {
				LastSwiftUpdateCheck = 1240;
				LastUpgradeCheck = 1240;
				TargetAttributes = {
					D28C68FF25E0237B00836DB3 = {
						CreatedOnToolsVersion = 12.4;
					};
				};
			};
			buildConfigurationList = D28C68FB25E0237B00836DB3 /* Build configuration list for PBXProject "ImagesApp" */;
			compatibilityVersion = "Xcode 9.3";
			developmentRegion = en;
			hasScannedForEncodings = 0;
			knownRegions = (
				en,
				Base,
			);
			mainGroup = D28C68F725E0237B00836DB3;
			productRefGroup = D28C690125E0237B00836DB3 /* Products */;
			projectDirPath = "";
			projectRoot = "";
			targets = (
				D28C68FF25E0237B00836DB3 /* ImagesApp */,
			);
		};
/* End PBXProject section */

/* Begin PBXResourcesBuildPhase section */
		D28C68FE25E0237B00836DB3 /* Resources */ = {
			isa = PBXResourcesBuildPhase;
			buildActionMask = 2147483647;
			files = (
				D28C691F25E024DA00836DB3 /* ImagesListView.xib in Resources */,
				D28C692925E0260700836DB3 /* ImageCell.xib in Resources */,
				D28C691025E0237C00836DB3 /* LaunchScreen.storyboard in Resources */,
				D28C690D25E0237C00836DB3 /* Assets.xcassets in Resources */,
			);
			runOnlyForDeploymentPostprocessing = 0;
		};
/* End PBXResourcesBuildPhase section */

/* Begin PBXSourcesBuildPhase section */
		D28C68FC25E0237B00836DB3 /* Sources */ = {
			isa = PBXSourcesBuildPhase;
			buildActionMask = 2147483647;
			files = (
				D28C693225E0399700836DB3 /* UIViewController.swift in Sources */,
				D28C691E25E024DA00836DB3 /* ImagesListView.swift in Sources */,
				D28C690425E0237B00836DB3 /* AppDelegate.swift in Sources */,
				D28C692325E0257200836DB3 /* ImagesListPresenter.swift in Sources */,
				D28C692D25E02C4B00836DB3 /* RequestManager.swift in Sources */,
				D28C690625E0237B00836DB3 /* SceneDelegate.swift in Sources */,
				D28C692825E0260700836DB3 /* ImageCell.swift in Sources */,
			);
			runOnlyForDeploymentPostprocessing = 0;
		};
/* End PBXSourcesBuildPhase section */

/* Begin PBXVariantGroup section */
		D28C690E25E0237C00836DB3 /* LaunchScreen.storyboard */ = {
			isa = PBXVariantGroup;
			children = (
				D28C690F25E0237C00836DB3 /* Base */,
			);
			name = LaunchScreen.storyboard;
			sourceTree = "<group>";
		};
/* End PBXVariantGroup section */

/* Begin XCBuildConfiguration section */
		D28C691225E0237C00836DB3 /* Debug */ = {
			isa = XCBuildConfiguration;
			buildSettings = {
				ALWAYS_SEARCH_USER_PATHS = NO;
				CLANG_ANALYZER_NONNULL = YES;
				CLANG_ANALYZER_NUMBER_OBJECT_CONVERSION = YES_AGGRESSIVE;
				CLANG_CXX_LANGUAGE_STANDARD = "gnu++14";
				CLANG_CXX_LIBRARY = "libc++";
				CLANG_ENABLE_MODULES = YES;
				CLANG_ENABLE_OBJC_ARC = YES;
				CLANG_ENABLE_OBJC_WEAK = YES;
				CLANG_WARN_BLOCK_CAPTURE_AUTORELEASING = YES;
				CLANG_WARN_BOOL_CONVERSION = YES;
				CLANG_WARN_COMMA = YES;
				CLANG_WARN_CONSTANT_CONVERSION = YES;
				CLANG_WARN_DEPRECATED_OBJC_IMPLEMENTATIONS = YES;
				CLANG_WARN_DIRECT_OBJC_ISA_USAGE = YES_ERROR;
				CLANG_WARN_DOCUMENTATION_COMMENTS = YES;
				CLANG_WARN_EMPTY_BODY = YES;
				CLANG_WARN_ENUM_CONVERSION = YES;
				CLANG_WARN_INFINITE_RECURSION = YES;
				CLANG_WARN_INT_CONVERSION = YES;
				CLANG_WARN_NON_LITERAL_NULL_CONVERSION = YES;
				CLANG_WARN_OBJC_IMPLICIT_RETAIN_SELF = YES;
				CLANG_WARN_OBJC_LITERAL_CONVERSION = YES;
				CLANG_WARN_OBJC_ROOT_CLASS = YES_ERROR;
				CLANG_WARN_QUOTED_INCLUDE_IN_FRAMEWORK_HEADER = YES;
				CLANG_WARN_RANGE_LOOP_ANALYSIS = YES;
				CLANG_WARN_STRICT_PROTOTYPES = YES;
				CLANG_WARN_SUSPICIOUS_MOVE = YES;
				CLANG_WARN_UNGUARDED_AVAILABILITY = YES_AGGRESSIVE;
				CLANG_WARN_UNREACHABLE_CODE = YES;
				CLANG_WARN__DUPLICATE_METHOD_MATCH = YES;
				COPY_PHASE_STRIP = NO;
				DEBUG_INFORMATION_FORMAT = dwarf;
				ENABLE_STRICT_OBJC_MSGSEND = YES;
				ENABLE_TESTABILITY = YES;
				GCC_C_LANGUAGE_STANDARD = gnu11;
				GCC_DYNAMIC_NO_PIC = NO;
				GCC_NO_COMMON_BLOCKS = YES;
				GCC_OPTIMIZATION_LEVEL = 0;
				GCC_PREPROCESSOR_DEFINITIONS = (
					"DEBUG=1",
					"$(inherited)",
				);
				GCC_WARN_64_TO_32_BIT_CONVERSION = YES;
				GCC_WARN_ABOUT_RETURN_TYPE = YES_ERROR;
				GCC_WARN_UNDECLARED_SELECTOR = YES;
				GCC_WARN_UNINITIALIZED_AUTOS = YES_AGGRESSIVE;
				GCC_WARN_UNUSED_FUNCTION = YES;
				GCC_WARN_UNUSED_VARIABLE = YES;
				IPHONEOS_DEPLOYMENT_TARGET = 14.4;
				MTL_ENABLE_DEBUG_INFO = INCLUDE_SOURCE;
				MTL_FAST_MATH = YES;
				ONLY_ACTIVE_ARCH = YES;
				SDKROOT = iphoneos;
				SWIFT_ACTIVE_COMPILATION_CONDITIONS = DEBUG;
				SWIFT_OPTIMIZATION_LEVEL = "-Onone";
			};
			name = Debug;
		};
		D28C691325E0237C00836DB3 /* Release */ = {
			isa = XCBuildConfiguration;
			buildSettings = {
				ALWAYS_SEARCH_USER_PATHS = NO;
				CLANG_ANALYZER_NONNULL = YES;
				CLANG_ANALYZER_NUMBER_OBJECT_CONVERSION = YES_AGGRESSIVE;
				CLANG_CXX_LANGUAGE_STANDARD = "gnu++14";
				CLANG_CXX_LIBRARY = "libc++";
				CLANG_ENABLE_MODULES = YES;
				CLANG_ENABLE_OBJC_ARC = YES;
				CLANG_ENABLE_OBJC_WEAK = YES;
				CLANG_WARN_BLOCK_CAPTURE_AUTORELEASING = YES;
				CLANG_WARN_BOOL_CONVERSION = YES;
				CLANG_WARN_COMMA = YES;
				CLANG_WARN_CONSTANT_CONVERSION = YES;
				CLANG_WARN_DEPRECATED_OBJC_IMPLEMENTATIONS = YES;
				CLANG_WARN_DIRECT_OBJC_ISA_USAGE = YES_ERROR;
				CLANG_WARN_DOCUMENTATION_COMMENTS = YES;
				CLANG_WARN_EMPTY_BODY = YES;
				CLANG_WARN_ENUM_CONVERSION = YES;
				CLANG_WARN_INFINITE_RECURSION = YES;
				CLANG_WARN_INT_CONVERSION = YES;
				CLANG_WARN_NON_LITERAL_NULL_CONVERSION = YES;
				CLANG_WARN_OBJC_IMPLICIT_RETAIN_SELF = YES;
				CLANG_WARN_OBJC_LITERAL_CONVERSION = YES;
				CLANG_WARN_OBJC_ROOT_CLASS = YES_ERROR;
				CLANG_WARN_QUOTED_INCLUDE_IN_FRAMEWORK_HEADER = YES;
				CLANG_WARN_RANGE_LOOP_ANALYSIS = YES;
				CLANG_WARN_STRICT_PROTOTYPES = YES;
				CLANG_WARN_SUSPICIOUS_MOVE = YES;
				CLANG_WARN_UNGUARDED_AVAILABILITY = YES_AGGRESSIVE;
				CLANG_WARN_UNREACHABLE_CODE = YES;
				CLANG_WARN__DUPLICATE_METHOD_MATCH = YES;
				COPY_PHASE_STRIP = NO;
				DEBUG_INFORMATION_FORMAT = "dwarf-with-dsym";
				ENABLE_NS_ASSERTIONS = NO;
				ENABLE_STRICT_OBJC_MSGSEND = YES;
				GCC_C_LANGUAGE_STANDARD = gnu11;
				GCC_NO_COMMON_BLOCKS = YES;
				GCC_WARN_64_TO_32_BIT_CONVERSION = YES;
				GCC_WARN_ABOUT_RETURN_TYPE = YES_ERROR;
				GCC_WARN_UNDECLARED_SELECTOR = YES;
				GCC_WARN_UNINITIALIZED_AUTOS = YES_AGGRESSIVE;
				GCC_WARN_UNUSED_FUNCTION = YES;
				GCC_WARN_UNUSED_VARIABLE = YES;
				IPHONEOS_DEPLOYMENT_TARGET = 14.4;
				MTL_ENABLE_DEBUG_INFO = NO;
				MTL_FAST_MATH = YES;
				SDKROOT = iphoneos;
				SWIFT_COMPILATION_MODE = wholemodule;
				SWIFT_OPTIMIZATION_LEVEL = "-O";
				VALIDATE_PRODUCT = YES;
			};
			name = Release;
		};
		D28C691525E0237C00836DB3 /* Debug */ = {
			isa = XCBuildConfiguration;
			buildSettings = {
				ASSETCATALOG_COMPILER_APPICON_NAME = AppIcon;
				ASSETCATALOG_COMPILER_GLOBAL_ACCENT_COLOR_NAME = AccentColor;
				CODE_SIGN_STYLE = Automatic;
				DEVELOPMENT_TEAM = KBSCJPG587;
				INFOPLIST_FILE = ImagesApp/Info.plist;
				IPHONEOS_DEPLOYMENT_TARGET = 13.0;
				LD_RUNPATH_SEARCH_PATHS = (
					"$(inherited)",
					"@executable_path/Frameworks",
				);
				PRODUCT_BUNDLE_IDENTIFIER = com.tsiareschcanka.ImagesApp;
				PRODUCT_NAME = "$(TARGET_NAME)";
				SWIFT_VERSION = 5.0;
				TARGETED_DEVICE_FAMILY = "1,2";
			};
			name = Debug;
		};
		D28C691625E0237C00836DB3 /* Release */ = {
			isa = XCBuildConfiguration;
			buildSettings = {
				ASSETCATALOG_COMPILER_APPICON_NAME = AppIcon;
				ASSETCATALOG_COMPILER_GLOBAL_ACCENT_COLOR_NAME = AccentColor;
				CODE_SIGN_STYLE = Automatic;
				DEVELOPMENT_TEAM = KBSCJPG587;
				INFOPLIST_FILE = ImagesApp/Info.plist;
				IPHONEOS_DEPLOYMENT_TARGET = 13.0;
				LD_RUNPATH_SEARCH_PATHS = (
					"$(inherited)",
					"@executable_path/Frameworks",
				);
				PRODUCT_BUNDLE_IDENTIFIER = com.tsiareschcanka.ImagesApp;
				PRODUCT_NAME = "$(TARGET_NAME)";
				SWIFT_VERSION = 5.0;
				TARGETED_DEVICE_FAMILY = "1,2";
			};
			name = Release;
		};
/* End XCBuildConfiguration section */

/* Begin XCConfigurationList section */
		D28C68FB25E0237B00836DB3 /* Build configuration list for PBXProject "ImagesApp" */ = {
			isa = XCConfigurationList;
			buildConfigurations = (
				D28C691225E0237C00836DB3 /* Debug */,
				D28C691325E0237C00836DB3 /* Release */,
			);
			defaultConfigurationIsVisible = 0;
			defaultConfigurationName = Release;
		};
		D28C691425E0237C00836DB3 /* Build configuration list for PBXNativeTarget "ImagesApp" */ = {
			isa = XCConfigurationList;
			buildConfigurations = (
				D28C691525E0237C00836DB3 /* Debug */,
				D28C691625E0237C00836DB3 /* Release */,
			);
			defaultConfigurationIsVisible = 0;
			defaultConfigurationName = Release;
		};
/* End XCConfigurationList section */
	};
	rootObject = D28C68F825E0237B00836DB3 /* Project object */;
}
